
Microsoft Visual Studio Solution File, Format Version 12.00
# Visual Studio Version 17
VisualStudioVersion = 17.11.35327.3
MinimumVisualStudioVersion = 10.0.40219.1
Project("{888888A0-9F3D-457C-B088-3A5042F75D52}") = "bruteforce", "bruteforce.pyproj", "{79748D53-BC9A-427E-9729-B103DC10CE09}"
EndProject
Global
	GlobalSection(SolutionConfigurationPlatforms) = preSolution
		Debug|Any CPU = Debug|Any CPU
		Release|Any CPU = Release|Any CPU
	EndGlobalSection
	GlobalSection(ProjectConfigurationPlatforms) = postSolution
		{79748D53-BC9A-427E-9729-B103DC10CE09}.Debug|Any CPU.ActiveCfg = Debug|Any CPU
		{79748D53-BC9A-427E-9729-B103DC10CE09}.Release|Any CPU.ActiveCfg = Release|Any CPU
	EndGlobalSection
	GlobalSection(SolutionProperties) = preSolution
		HideSolutionNode = FALSE
	EndGlobalSection
	GlobalSection(ExtensibilityGlobals) = postSolution
		SolutionGuid = {14D792BE-DFB2-4F83-BAE7-61BE641E7751}
	EndGlobalSection
EndGlobal
